
Microsoft Visual Studio Solution File, Format Version 12.00
# Visual Studio Version 16
VisualStudioVersion = 16.0.30907.101
MinimumVisualStudioVersion = 10.0.40219.1
Project("{9A19103F-16F7-4668-BE54-9A1E7A4F7556}") = "DIBasic.ConsoleTemplate.NET5", "DIBasic.ConsoleTemplate.NET5\DIBasic.ConsoleTemplate.NET5.csproj", "{0CA62D93-8D04-4417-BDD0-3D819D997606}"
EndProject
Global
	GlobalSection(SolutionConfigurationPlatforms) = preSolution
		Debug|Any CPU = Debug|Any CPU
		Release|Any CPU = Release|Any CPU
	EndGlobalSection
	GlobalSection(ProjectConfigurationPlatforms) = postSolution
		{0CA62D93-8D04-4417-BDD0-3D819D997606}.Debug|Any CPU.ActiveCfg = Debug|Any CPU
		{0CA62D93-8D04-4417-BDD0-3D819D997606}.Debug|Any CPU.Build.0 = Debug|Any CPU
		{0CA62D93-8D04-4417-BDD0-3D819D997606}.Release|Any CPU.ActiveCfg = Release|Any CPU
		{0CA62D93-8D04-4417-BDD0-3D819D997606}.Release|Any CPU.Build.0 = Release|Any CPU
	EndGlobalSection
	GlobalSection(SolutionProperties) = preSolution
		HideSolutionNode = FALSE
	EndGlobalSection
	GlobalSection(ExtensibilityGlobals) = postSolution
		SolutionGuid = {EA462DF5-8896-4E2A-B8A0-A8AF5D97CE90}
	EndGlobalSection
EndGlobal
